
Microsoft Visual Studio Solution File, Format Version 12.00
# Visual Studio 15
VisualStudioVersion = 15.0.27703.2042
MinimumVisualStudioVersion = 10.0.40219.1
Project("{FAE04EC0-301F-11D3-BF4B-00C04F79EFBC}") = "DotMetrics.TestChat", "DotMetrics.TestChat\DotMetrics.TestChat.csproj", "{3DF41C86-1DB8-4C3E-A9A5-A51FF1CAAEC7}"
EndProject
Project("{FAE04EC0-301F-11D3-BF4B-00C04F79EFBC}") = "DotMetrics.ChatClient", "DotMetrics.ChatClient\DotMetrics.ChatClient.csproj", "{74EAE578-9800-4D73-AFBA-E5B4261EE31D}"
EndProject
Project("{FAE04EC0-301F-11D3-BF4B-00C04F79EFBC}") = "DotMetrics.ChatServer", "DotMetrics.ChatServer\DotMetrics.ChatServer.csproj", "{46A04DEF-9217-43E8-919E-DC2D6DC890BD}"
EndProject
Project("{FAE04EC0-301F-11D3-BF4B-00C04F79EFBC}") = "Client_1", "Client_1\Client_1.csproj", "{3FDDDEA4-59BB-4863-AEA3-276A18CAA71A}"
EndProject
Project("{FAE04EC0-301F-11D3-BF4B-00C04F79EFBC}") = "Client_2", "Client_2\Client_2.csproj", "{D3D29FA1-DE3C-484F-96CC-18BC48F02F1D}"
EndProject
Global
	GlobalSection(SolutionConfigurationPlatforms) = preSolution
		Debug|Any CPU = Debug|Any CPU
		Release|Any CPU = Release|Any CPU
	EndGlobalSection
	GlobalSection(ProjectConfigurationPlatforms) = postSolution
		{3DF41C86-1DB8-4C3E-A9A5-A51FF1CAAEC7}.Debug|Any CPU.ActiveCfg = Debug|Any CPU
		{3DF41C86-1DB8-4C3E-A9A5-A51FF1CAAEC7}.Debug|Any CPU.Build.0 = Debug|Any CPU
		{3DF41C86-1DB8-4C3E-A9A5-A51FF1CAAEC7}.Release|Any CPU.ActiveCfg = Release|Any CPU
		{3DF41C86-1DB8-4C3E-A9A5-A51FF1CAAEC7}.Release|Any CPU.Build.0 = Release|Any CPU
		{74EAE578-9800-4D73-AFBA-E5B4261EE31D}.Debug|Any CPU.ActiveCfg = Debug|Any CPU
		{74EAE578-9800-4D73-AFBA-E5B4261EE31D}.Debug|Any CPU.Build.0 = Debug|Any CPU
		{74EAE578-9800-4D73-AFBA-E5B4261EE31D}.Release|Any CPU.ActiveCfg = Release|Any CPU
		{74EAE578-9800-4D73-AFBA-E5B4261EE31D}.Release|Any CPU.Build.0 = Release|Any CPU
		{46A04DEF-9217-43E8-919E-DC2D6DC890BD}.Debug|Any CPU.ActiveCfg = Debug|Any CPU
		{46A04DEF-9217-43E8-919E-DC2D6DC890BD}.Debug|Any CPU.Build.0 = Debug|Any CPU
		{46A04DEF-9217-43E8-919E-DC2D6DC890BD}.Release|Any CPU.ActiveCfg = Release|Any CPU
		{46A04DEF-9217-43E8-919E-DC2D6DC890BD}.Release|Any CPU.Build.0 = Release|Any CPU
		{3FDDDEA4-59BB-4863-AEA3-276A18CAA71A}.Debug|Any CPU.ActiveCfg = Debug|Any CPU
		{3FDDDEA4-59BB-4863-AEA3-276A18CAA71A}.Debug|Any CPU.Build.0 = Debug|Any CPU
		{3FDDDEA4-59BB-4863-AEA3-276A18CAA71A}.Release|Any CPU.ActiveCfg = Release|Any CPU
		{3FDDDEA4-59BB-4863-AEA3-276A18CAA71A}.Release|Any CPU.Build.0 = Release|Any CPU
		{D3D29FA1-DE3C-484F-96CC-18BC48F02F1D}.Debug|Any CPU.ActiveCfg = Debug|Any CPU
		{D3D29FA1-DE3C-484F-96CC-18BC48F02F1D}.Debug|Any CPU.Build.0 = Debug|Any CPU
		{D3D29FA1-DE3C-484F-96CC-18BC48F02F1D}.Release|Any CPU.ActiveCfg = Release|Any CPU
		{D3D29FA1-DE3C-484F-96CC-18BC48F02F1D}.Release|Any CPU.Build.0 = Release|Any CPU
	EndGlobalSection
	GlobalSection(SolutionProperties) = preSolution
		HideSolutionNode = FALSE
	EndGlobalSection
	GlobalSection(ExtensibilityGlobals) = postSolution
		SolutionGuid = {57C88970-6B49-433E-998E-D5E56E02455C}
	EndGlobalSection
EndGlobal
